
Microsoft Visual Studio Solution File, Format Version 12.00
# Visual Studio 15
VisualStudioVersion = 15.0.26124.0
MinimumVisualStudioVersion = 15.0.26124.0
Project("{2150E333-8FDC-42A3-9474-1A3956D46DE8}") = "src", "src", "{CA688432-AB95-4493-BD14-F91C0122B59D}"
EndProject
Project("{FAE04EC0-301F-11D3-BF4B-00C04F79EFBC}") = "GeometryNET", "src\GeometryNET\GeometryNET.csproj", "{C65B750C-39A4-4061-A7CB-CEF4A2197A25}"
EndProject
Project("{2150E333-8FDC-42A3-9474-1A3956D46DE8}") = "tests", "tests", "{33BC673A-A040-4AE6-B677-76B3871CFEA1}"
EndProject
Project("{FAE04EC0-301F-11D3-BF4B-00C04F79EFBC}") = "GeometryNET.Tests", "tests\GeometryNET.Tests\GeometryNET.Tests.csproj", "{76B054C2-1A82-4619-99D0-94D89DCEAE37}"
EndProject
Global
	GlobalSection(SolutionConfigurationPlatforms) = preSolution
		Debug|Any CPU = Debug|Any CPU
		Debug|x64 = Debug|x64
		Debug|x86 = Debug|x86
		Release|Any CPU = Release|Any CPU
		Release|x64 = Release|x64
		Release|x86 = Release|x86
	EndGlobalSection
	GlobalSection(SolutionProperties) = preSolution
		HideSolutionNode = FALSE
	EndGlobalSection
	GlobalSection(ProjectConfigurationPlatforms) = postSolution
		{C65B750C-39A4-4061-A7CB-CEF4A2197A25}.Debug|Any CPU.ActiveCfg = Debug|Any CPU
		{C65B750C-39A4-4061-A7CB-CEF4A2197A25}.Debug|Any CPU.Build.0 = Debug|Any CPU
		{C65B750C-39A4-4061-A7CB-CEF4A2197A25}.Debug|x64.ActiveCfg = Debug|Any CPU
		{C65B750C-39A4-4061-A7CB-CEF4A2197A25}.Debug|x64.Build.0 = Debug|Any CPU
		{C65B750C-39A4-4061-A7CB-CEF4A2197A25}.Debug|x86.ActiveCfg = Debug|Any CPU
		{C65B750C-39A4-4061-A7CB-CEF4A2197A25}.Debug|x86.Build.0 = Debug|Any CPU
		{C65B750C-39A4-4061-A7CB-CEF4A2197A25}.Release|Any CPU.ActiveCfg = Release|Any CPU
		{C65B750C-39A4-4061-A7CB-CEF4A2197A25}.Release|Any CPU.Build.0 = Release|Any CPU
		{C65B750C-39A4-4061-A7CB-CEF4A2197A25}.Release|x64.ActiveCfg = Release|Any CPU
		{C65B750C-39A4-4061-A7CB-CEF4A2197A25}.Release|x64.Build.0 = Release|Any CPU
		{C65B750C-39A4-4061-A7CB-CEF4A2197A25}.Release|x86.ActiveCfg = Release|Any CPU
		{C65B750C-39A4-4061-A7CB-CEF4A2197A25}.Release|x86.Build.0 = Release|Any CPU
		{76B054C2-1A82-4619-99D0-94D89DCEAE37}.Debug|Any CPU.ActiveCfg = Debug|Any CPU
		{76B054C2-1A82-4619-99D0-94D89DCEAE37}.Debug|Any CPU.Build.0 = Debug|Any CPU
		{76B054C2-1A82-4619-99D0-94D89DCEAE37}.Debug|x64.ActiveCfg = Debug|Any CPU
		{76B054C2-1A82-4619-99D0-94D89DCEAE37}.Debug|x64.Build.0 = Debug|Any CPU
		{76B054C2-1A82-4619-99D0-94D89DCEAE37}.Debug|x86.ActiveCfg = Debug|Any CPU
		{76B054C2-1A82-4619-99D0-94D89DCEAE37}.Debug|x86.Build.0 = Debug|Any CPU
		{76B054C2-1A82-4619-99D0-94D89DCEAE37}.Release|Any CPU.ActiveCfg = Release|Any CPU
		{76B054C2-1A82-4619-99D0-94D89DCEAE37}.Release|Any CPU.Build.0 = Release|Any CPU
		{76B054C2-1A82-4619-99D0-94D89DCEAE37}.Release|x64.ActiveCfg = Release|Any CPU
		{76B054C2-1A82-4619-99D0-94D89DCEAE37}.Release|x64.Build.0 = Release|Any CPU
		{76B054C2-1A82-4619-99D0-94D89DCEAE37}.Release|x86.ActiveCfg = Release|Any CPU
		{76B054C2-1A82-4619-99D0-94D89DCEAE37}.Release|x86.Build.0 = Release|Any CPU
	EndGlobalSection
	GlobalSection(NestedProjects) = preSolution
		{C65B750C-39A4-4061-A7CB-CEF4A2197A25} = {CA688432-AB95-4493-BD14-F91C0122B59D}
		{76B054C2-1A82-4619-99D0-94D89DCEAE37} = {33BC673A-A040-4AE6-B677-76B3871CFEA1}
	EndGlobalSection
EndGlobal
